Microsoft Visual Studio Solution File, Format Version 12.00
# Visual Studio 2012
Project("{FAE04EC0-301F-11D3-BF4B-00C04F79EFBC}") = "TowerDefenceGame", "TowerDefenceGame.csproj", "{F32E4EF3-EACA-48D3-9058-0D7AA8C03EB3}"
EndProject
Global
	GlobalSection(SolutionConfigurationPlatforms) = preSolution
	Debug|Any CPU = Debug|Any CPU
	ExportDebug|Any CPU = ExportDebug|Any CPU
	ExportRelease|Any CPU = ExportRelease|Any CPU
	EndGlobalSection
	GlobalSection(ProjectConfigurationPlatforms) = postSolution
		{F32E4EF3-EACA-48D3-9058-0D7AA8C03EB3}.Debug|Any CPU.ActiveCfg = Debug|Any CPU
		{F32E4EF3-EACA-48D3-9058-0D7AA8C03EB3}.Debug|Any CPU.Build.0 = Debug|Any CPU
		{F32E4EF3-EACA-48D3-9058-0D7AA8C03EB3}.ExportDebug|Any CPU.ActiveCfg = ExportDebug|Any CPU
		{F32E4EF3-EACA-48D3-9058-0D7AA8C03EB3}.ExportDebug|Any CPU.Build.0 = ExportDebug|Any CPU
		{F32E4EF3-EACA-48D3-9058-0D7AA8C03EB3}.ExportRelease|Any CPU.ActiveCfg = ExportRelease|Any CPU
		{F32E4EF3-EACA-48D3-9058-0D7AA8C03EB3}.ExportRelease|Any CPU.Build.0 = ExportRelease|Any CPU
	EndGlobalSection
EndGlobal
